<?xml version="1.0" encoding="utf-8"?>
<Project ToolsVersion="4.0" xmlns="http://schemas.microsoft.com/developer/msbuild/2003">
  <ItemGroup>
    <Filter Include="Komu">
      <UniqueIdentifier>{A116887C-8D4D-890D-363A-6F102250050F}</UniqueIdentifier>
    </Filter>
    <Filter Include="Komu\Events">
      <UniqueIdentifier>{65E3AF1C-D198-2812-5A8D-22E9C6411F16}</UniqueIdentifier>
    </Filter>
    <Filter Include="Platform">
      <UniqueIdentifier>{2AC788B4-1694-E3BF-3FAD-D1672BD9184E}</UniqueIdentifier>
    </Filter>
    <Filter Include="Platform\Windows">
      <UniqueIdentifier>{64FBD71A-50F4-F66C-7926-DCF1657ED678}</UniqueIdentifier>
    </Filter>
  </ItemGroup>
  <ItemGroup>
    <ClInclude Include="src\Komu.h" />
    <ClInclude Include="src\Komu\Application.h">
      <Filter>Komu</Filter>
    </ClInclude>
    <ClInclude Include="src\Komu\Core.h">
      <Filter>Komu</Filter>
    </ClInclude>
    <ClInclude Include="src\Komu\EntryPoint.h">
      <Filter>Komu</Filter>
    </ClInclude>
    <ClInclude Include="src\Komu\Events\ApplicationEvent.h">
      <Filter>Komu\Events</Filter>
    </ClInclude>
    <ClInclude Include="src\Komu\Events\Event.h">
      <Filter>Komu\Events</Filter>
    </ClInclude>
    <ClInclude Include="src\Komu\Events\KeyEvent.h">
      <Filter>Komu\Events</Filter>
    </ClInclude>
    <ClInclude Include="src\Komu\Events\MouseEvent.h">
      <Filter>Komu\Events</Filter>
    </ClInclude>
    <ClInclude Include="src\Komu\Layer.h">
      <Filter>Komu</Filter>
    </ClInclude>
    <ClInclude Include="src\Komu\LayerStack.h">
      <Filter>Komu</Filter>
    </ClInclude>
    <ClInclude Include="src\Komu\Log.h">
      <Filter>Komu</Filter>
    </ClInclude>
    <ClInclude Include="src\Komu\Window.h">
      <Filter>Komu</Filter>
    </ClInclude>
    <ClInclude Include="src\Platform\Windows\WindowsWindow.h">
      <Filter>Platform\Windows</Filter>
    </ClInclude>
    <ClInclude Include="src\kmpch.h" />
  </ItemGroup>
  <ItemGroup>
    <ClCompile Include="src\Komu\Application.cpp">
      <Filter>Komu</Filter>
    </ClCompile>
    <ClCompile Include="src\Komu\Layer.cpp">
      <Filter>Komu</Filter>
    </ClCompile>
    <ClCompile Include="src\Komu\LayerStack.cpp">
      <Filter>Komu</Filter>
    </ClCompile>
    <ClCompile Include="src\Komu\Log.cpp">
      <Filter>Komu</Filter>
    </ClCompile>
    <ClCompile Include="src\Platform\Windows\WindowsWindow.cpp">
      <Filter>Platform\Windows</Filter>
    </ClCompile>
    <ClCompile Include="src\kmpch.cpp" />
  </ItemGroup>
</Project>